
Microsoft Visual Studio Solution File, Format Version 12.00
# Visual Studio Version 16
VisualStudioVersion = 16.0.29418.71
MinimumVisualStudioVersion = 10.0.40219.1
Project("{FAE04EC0-301F-11D3-BF4B-00C04F79EFBC}") = "QuickBuy.Dominio", "QuickBuy.Dominio\QuickBuy.Dominio.csproj", "{5A121910-2D04-48F7-BE37-8A8B580150D2}"
EndProject
Project("{FAE04EC0-301F-11D3-BF4B-00C04F79EFBC}") = "QuickBuy.Repositorio", "QuickBuy.Repositorio\QuickBuy.Repositorio.csproj", "{365EE472-E3AB-4FEF-9DA5-C477B8E2489F}"
EndProject
Project("{FAE04EC0-301F-11D3-BF4B-00C04F79EFBC}") = "QuickBuy.Web", "QuickBuy.Web\QuickBuy.Web.csproj", "{08C08211-D907-440F-8C93-7572D6ABC045}"
EndProject
Global
	GlobalSection(SolutionConfigurationPlatforms) = preSolution
		Debug|Any CPU = Debug|Any CPU
		Release|Any CPU = Release|Any CPU
	EndGlobalSection
	GlobalSection(ProjectConfigurationPlatforms) = postSolution
		{5A121910-2D04-48F7-BE37-8A8B580150D2}.Debug|Any CPU.ActiveCfg = Debug|Any CPU
		{5A121910-2D04-48F7-BE37-8A8B580150D2}.Debug|Any CPU.Build.0 = Debug|Any CPU
		{5A121910-2D04-48F7-BE37-8A8B580150D2}.Release|Any CPU.ActiveCfg = Release|Any CPU
		{5A121910-2D04-48F7-BE37-8A8B580150D2}.Release|Any CPU.Build.0 = Release|Any CPU
		{365EE472-E3AB-4FEF-9DA5-C477B8E2489F}.Debug|Any CPU.ActiveCfg = Debug|Any CPU
		{365EE472-E3AB-4FEF-9DA5-C477B8E2489F}.Debug|Any CPU.Build.0 = Debug|Any CPU
		{365EE472-E3AB-4FEF-9DA5-C477B8E2489F}.Release|Any CPU.ActiveCfg = Release|Any CPU
		{365EE472-E3AB-4FEF-9DA5-C477B8E2489F}.Release|Any CPU.Build.0 = Release|Any CPU
		{08C08211-D907-440F-8C93-7572D6ABC045}.Debug|Any CPU.ActiveCfg = Debug|Any CPU
		{08C08211-D907-440F-8C93-7572D6ABC045}.Debug|Any CPU.Build.0 = Debug|Any CPU
		{08C08211-D907-440F-8C93-7572D6ABC045}.Release|Any CPU.ActiveCfg = Release|Any CPU
		{08C08211-D907-440F-8C93-7572D6ABC045}.Release|Any CPU.Build.0 = Release|Any CPU
	EndGlobalSection
	GlobalSection(SolutionProperties) = preSolution
		HideSolutionNode = FALSE
	EndGlobalSection
	GlobalSection(ExtensibilityGlobals) = postSolution
		SolutionGuid = {AD1B446E-0627-4B8F-B014-42A382AF4044}
	EndGlobalSection
EndGlobal
